
Microsoft Visual Studio Solution File, Format Version 12.00
# Visual Studio Version 16
VisualStudioVersion = 16.0.35425.106
MinimumVisualStudioVersion = 10.0.40219.1
Project("{FAE04EC0-301F-11D3-BF4B-00C04F79EFBC}") = "Demo", "Demo\Demo.csproj", "{D2D97C96-24A5-4C45-9C62-84C0F91D2AC1}"
EndProject
Global
	GlobalSection(SolutionConfigurationPlatforms) = preSolution
		Debug|Any CPU = Debug|Any CPU
		Release|Any CPU = Release|Any CPU
	EndGlobalSection
	GlobalSection(ProjectConfigurationPlatforms) = postSolution
		{D2D97C96-24A5-4C45-9C62-84C0F91D2AC1}.Debug|Any CPU.ActiveCfg = Debug|Any CPU
		{D2D97C96-24A5-4C45-9C62-84C0F91D2AC1}.Debug|Any CPU.Build.0 = Debug|Any CPU
		{D2D97C96-24A5-4C45-9C62-84C0F91D2AC1}.Release|Any CPU.ActiveCfg = Release|Any CPU
		{D2D97C96-24A5-4C45-9C62-84C0F91D2AC1}.Release|Any CPU.Build.0 = Release|Any CPU
	EndGlobalSection
	GlobalSection(SolutionProperties) = preSolution
		HideSolutionNode = FALSE
	EndGlobalSection
	GlobalSection(ExtensibilityGlobals) = postSolution
		SolutionGuid = {F67A4640-7C05-4C78-90CE-FB629EA76CEB}
	EndGlobalSection
EndGlobal
